
Microsoft Visual Studio Solution File, Format Version 12.00
# Visual Studio 14
VisualStudioVersion = 14.0.24720.0
MinimumVisualStudioVersion = 10.0.40219.1
Project("{FAE04EC0-301F-11D3-BF4B-00C04F79EFBC}") = "Demo.ADTProcessing.DataIngress", "Demo.ADTProcessing.DataIngress\Demo.ADTProcessing.DataIngress.csproj", "{AE9C3DD1-0323-4844-A676-C65630CE1B2E}"
EndProject
Project("{FAE04EC0-301F-11D3-BF4B-00C04F79EFBC}") = "Demo.ADTProcessing.Router", "Demo.ADTProcessing.Router\Demo.ADTProcessing.Router.csproj", "{0F31F68A-5096-46D7-BB73-A40B59557C10}"
EndProject
Project("{FAE04EC0-301F-11D3-BF4B-00C04F79EFBC}") = "Demo.ADTProcessing.Core", "Demo.ADTProcessing.Core\Demo.ADTProcessing.Core.csproj", "{EFA9657A-F1DB-4B16-A1D5-35DDE4565B2A}"
EndProject
Project("{FAE04EC0-301F-11D3-BF4B-00C04F79EFBC}") = "Demo.ADTProcessing.Worker", "Demo.ADTProcessing.Worker\Demo.ADTProcessing.Worker.csproj", "{1FD74D4B-E22A-4799-9B94-1C487BF54235}"
EndProject
Project("{FAE04EC0-301F-11D3-BF4B-00C04F79EFBC}") = "Demo.ADTProcessing.EventMetrics", "Demo.ADTProcessing.EventMetrics\Demo.ADTProcessing.EventMetrics.csproj", "{567548CB-086B-4CD0-B1CC-1497E14E7B9C}"
EndProject
Project("{FAE04EC0-301F-11D3-BF4B-00C04F79EFBC}") = "Demo.ADTProcessing.PerfTests", "Demo.ADTProcessing.PerfTests\Demo.ADTProcessing.PerfTests.csproj", "{7DC41CA2-906D-4463-BB21-E74CC503A5DF}"
EndProject
Project("{2150E333-8FDC-42A3-9474-1A3956D46DE8}") = "Solution Items", "Solution Items", "{64FCA153-A180-40BF-AE2D-BB9620612C8B}"
	ProjectSection(SolutionItems) = preProject
		get-stats.ps1 = get-stats.ps1
		Local.testsettings = Local.testsettings
		start-dataingress.bat = start-dataingress.bat
		start-eventmetrics.bat = start-eventmetrics.bat
		start-router.bat = start-router.bat
		start-worker.bat = start-worker.bat
	EndProjectSection
EndProject
Project("{2150E333-8FDC-42A3-9474-1A3956D46DE8}") = "Tests", "Tests", "{D197526F-3F88-4F6F-B46D-F5BE473F6F32}"
EndProject
Project("{FAE04EC0-301F-11D3-BF4B-00C04F79EFBC}") = "Demo.ADTProcessing.EventMetrics.UnitTests", "Demo.ADTProcessing.EventMetrics.UnitTests\Demo.ADTProcessing.EventMetrics.UnitTests.csproj", "{15BDEA80-325F-4E90-A10A-CB9E82BA0C1E}"
EndProject
Project("{FAE04EC0-301F-11D3-BF4B-00C04F79EFBC}") = "Demo.ADTProcessing.Benchmarks", "Demo.ADTProcessing.Benchmarks\Demo.ADTProcessing.Benchmarks.csproj", "{3EE039E9-ACED-4D65-B765-ABBA501CB972}"
EndProject
Global
	GlobalSection(SolutionConfigurationPlatforms) = preSolution
		Debug|Any CPU = Debug|Any CPU
		Release|Any CPU = Release|Any CPU
	EndGlobalSection
	GlobalSection(ProjectConfigurationPlatforms) = postSolution
		{AE9C3DD1-0323-4844-A676-C65630CE1B2E}.Debug|Any CPU.ActiveCfg = Debug|Any CPU
		{AE9C3DD1-0323-4844-A676-C65630CE1B2E}.Debug|Any CPU.Build.0 = Debug|Any CPU
		{AE9C3DD1-0323-4844-A676-C65630CE1B2E}.Release|Any CPU.ActiveCfg = Release|Any CPU
		{AE9C3DD1-0323-4844-A676-C65630CE1B2E}.Release|Any CPU.Build.0 = Release|Any CPU
		{0F31F68A-5096-46D7-BB73-A40B59557C10}.Debug|Any CPU.ActiveCfg = Debug|Any CPU
		{0F31F68A-5096-46D7-BB73-A40B59557C10}.Debug|Any CPU.Build.0 = Debug|Any CPU
		{0F31F68A-5096-46D7-BB73-A40B59557C10}.Release|Any CPU.ActiveCfg = Release|Any CPU
		{0F31F68A-5096-46D7-BB73-A40B59557C10}.Release|Any CPU.Build.0 = Release|Any CPU
		{EFA9657A-F1DB-4B16-A1D5-35DDE4565B2A}.Debug|Any CPU.ActiveCfg = Debug|Any CPU
		{EFA9657A-F1DB-4B16-A1D5-35DDE4565B2A}.Debug|Any CPU.Build.0 = Debug|Any CPU
		{EFA9657A-F1DB-4B16-A1D5-35DDE4565B2A}.Release|Any CPU.ActiveCfg = Release|Any CPU
		{EFA9657A-F1DB-4B16-A1D5-35DDE4565B2A}.Release|Any CPU.Build.0 = Release|Any CPU
		{1FD74D4B-E22A-4799-9B94-1C487BF54235}.Debug|Any CPU.ActiveCfg = Debug|Any CPU
		{1FD74D4B-E22A-4799-9B94-1C487BF54235}.Debug|Any CPU.Build.0 = Debug|Any CPU
		{1FD74D4B-E22A-4799-9B94-1C487BF54235}.Release|Any CPU.ActiveCfg = Release|Any CPU
		{1FD74D4B-E22A-4799-9B94-1C487BF54235}.Release|Any CPU.Build.0 = Release|Any CPU
		{567548CB-086B-4CD0-B1CC-1497E14E7B9C}.Debug|Any CPU.ActiveCfg = Debug|Any CPU
		{567548CB-086B-4CD0-B1CC-1497E14E7B9C}.Debug|Any CPU.Build.0 = Debug|Any CPU
		{567548CB-086B-4CD0-B1CC-1497E14E7B9C}.Release|Any CPU.ActiveCfg = Release|Any CPU
		{567548CB-086B-4CD0-B1CC-1497E14E7B9C}.Release|Any CPU.Build.0 = Release|Any CPU
		{7DC41CA2-906D-4463-BB21-E74CC503A5DF}.Debug|Any CPU.ActiveCfg = Debug|Any CPU
		{7DC41CA2-906D-4463-BB21-E74CC503A5DF}.Debug|Any CPU.Build.0 = Debug|Any CPU
		{7DC41CA2-906D-4463-BB21-E74CC503A5DF}.Release|Any CPU.ActiveCfg = Release|Any CPU
		{7DC41CA2-906D-4463-BB21-E74CC503A5DF}.Release|Any CPU.Build.0 = Release|Any CPU
		{15BDEA80-325F-4E90-A10A-CB9E82BA0C1E}.Debug|Any CPU.ActiveCfg = Debug|Any CPU
		{15BDEA80-325F-4E90-A10A-CB9E82BA0C1E}.Debug|Any CPU.Build.0 = Debug|Any CPU
		{15BDEA80-325F-4E90-A10A-CB9E82BA0C1E}.Release|Any CPU.ActiveCfg = Release|Any CPU
		{15BDEA80-325F-4E90-A10A-CB9E82BA0C1E}.Release|Any CPU.Build.0 = Release|Any CPU
		{3EE039E9-ACED-4D65-B765-ABBA501CB972}.Debug|Any CPU.ActiveCfg = Debug|Any CPU
		{3EE039E9-ACED-4D65-B765-ABBA501CB972}.Debug|Any CPU.Build.0 = Debug|Any CPU
		{3EE039E9-ACED-4D65-B765-ABBA501CB972}.Release|Any CPU.ActiveCfg = Release|Any CPU
		{3EE039E9-ACED-4D65-B765-ABBA501CB972}.Release|Any CPU.Build.0 = Release|Any CPU
	EndGlobalSection
	GlobalSection(SolutionProperties) = preSolution
		HideSolutionNode = FALSE
	EndGlobalSection
	GlobalSection(NestedProjects) = preSolution
		{7DC41CA2-906D-4463-BB21-E74CC503A5DF} = {D197526F-3F88-4F6F-B46D-F5BE473F6F32}
		{15BDEA80-325F-4E90-A10A-CB9E82BA0C1E} = {D197526F-3F88-4F6F-B46D-F5BE473F6F32}
		{3EE039E9-ACED-4D65-B765-ABBA501CB972} = {D197526F-3F88-4F6F-B46D-F5BE473F6F32}
	EndGlobalSection
EndGlobal
